<Solution>
  <Folder Name="/Dependencies/">
    <Project Path="libs/CSMS/CSMS/CSMS.csproj" Id="ab1354df-d6f2-4756-be9a-67666d62dc0f" />
    <Project Path="libs/CSMS/CSMSTests/CSMSTests.csproj" />
  </Folder>
  <Folder Name="/Dependencies/ChargyCore/">
    <Project Path="libs/ChargyCore.NET/ChargyCore/ChargyCore.csproj" />
    <Project Path="libs/ChargyCore.NET/ChargyCore.QRCodes/ChargyCore.QRCodes.csproj" />
    <Project Path="libs/ChargyCore.NET/ChargyCoreTests/ChargyCoreTests.csproj" />
    <Project Path="libs/ChargyCore.NET/ChargyVerify/ChargyVerify.csproj" />
  </Folder>
  <Folder Name="/Dependencies/DatexII/">
    <Project Path="libs/WWCP_DatexII/WWCP_DatexII/WWCP_DatexII.csproj" />
    <Project Path="libs/WWCP_DatexII/WWCP_DatexII_Adapter/WWCP_DatexII_Adapter.csproj" />
    <Project Path="libs/WWCP_DatexII/WWCP_DatexII_Tests/WWCP_DatexII_Tests.csproj" />
    <Project Path="libs/WWCP_DatexII/WWCP_DatexII_WebAPI/WWCP_DatexII_WebAPI.csproj" />
  </Folder>
  <Folder Name="/Dependencies/ISO15118/">
    <Project Path="libs/WWCP_ISO15118/WWCP_ISO15118_2/WWCP_ISO15118_2.csproj" />
    <Project Path="libs/WWCP_ISO15118/WWCP_ISO15118_20.AC/WWCP_ISO15118_20.AC.csproj" />
    <Project Path="libs/WWCP_ISO15118/WWCP_ISO15118_20.ACDP/WWCP_ISO15118_20.ACDP.csproj" />
    <Project Path="libs/WWCP_ISO15118/WWCP_ISO15118_20.AC_DER_IEC/WWCP_ISO15118_20.AC_DER_IEC.csproj" />
    <Project Path="libs/WWCP_ISO15118/WWCP_ISO15118_20.AC_DER_SAE/WWCP_ISO15118_20.AC_DER_SAE.csproj" />
    <Project Path="libs/WWCP_ISO15118/WWCP_ISO15118_20.CommonMessages/WWCP_ISO15118_20.CommonMessages.csproj" />
    <Project Path="libs/WWCP_ISO15118/WWCP_ISO15118_20.DC/WWCP_ISO15118_20.DC.csproj" />
    <Project Path="libs/WWCP_ISO15118/WWCP_ISO15118_20.WPT/WWCP_ISO15118_20.WPT.csproj" />
    <Project Path="libs/WWCP_ISO15118/WWCP_ISO15118_EXI/WWCP_ISO15118_EXI.csproj" />
    <Project Path="libs/WWCP_ISO15118/WWCP_ISO15118_EXI_Dispatch/WWCP_ISO15118_EXI_Dispatch.csproj" />
    <Project Path="libs/WWCP_ISO15118/WWCP_ISO15118_EXI_SourceGenerator/WWCP_ISO15118_EXI_SourceGenerator.csproj" />
    <Project Path="libs/WWCP_ISO15118/WWCP_ISO15118_EXI_Tests/WWCP_ISO15118_EXI_Tests.csproj" />
    <Project Path="libs/WWCP_ISO15118/WWCP_ISO15118_PKI/WWCP_ISO15118_PKIBuilder/WWCP_ISO15118_PKIBuilder.csproj" />
    <Project Path="libs/WWCP_ISO15118/WWCP_ISO15118_V2GTP/WWCP_ISO15118_V2GTP.csproj" />
    <Project Path="libs/WWCP_ISO15118/WWCP_ISO15118_V2GTP_Tests/WWCP_ISO15118_V2GTP_Tests.csproj" />
    <Project Path="libs/WWCP_ISO15118/WWCP_ISO15118_XMLDSig/WWCP_ISO15118_XMLDSig.csproj" />
  </Folder>
  <Folder Name="/Dependencies/OCPI/">
    <Project Path="libs/WWCP_OCPI/WWCP_OCPI_Common/WWCP_OCPI_Common.csproj" />
    <Project Path="libs/WWCP_OCPI/WWCP_OCPIv2.1.1/WWCP_OCPIv2.1.1.csproj" />
    <Project Path="libs/WWCP_OCPI/WWCP_OCPIv2.2.1/WWCP_OCPIv2.2.1.csproj" />
    <Project Path="libs/WWCP_OCPI/WWCP_OCPIv2.3.0/WWCP_OCPIv2.3.0.csproj" />
  </Folder>
  <Folder Name="/Dependencies/OCPP/">
    <Project Path="libs/WWCP_OCPP/WWCP_OCPP_Common/WWCP_OCPP_Common.csproj" />
  </Folder>
  <Folder Name="/Dependencies/OCPP/OCPPv1.6/">
    <Project Path="libs/WWCP_OCPP/WWCP_OCPPv1.6/WWCP_OCPPv1.6.csproj" />
    <Project Path="libs/WWCP_OCPP/WWCP_OCPPv1.6_Adapter/WWCP_OCPPv1.6_Adapter.csproj" />
    <Project Path="libs/WWCP_OCPP/WWCP_OCPPv1.6_CentralSystem/WWCP_OCPPv1.6_CentralSystem.csproj" />
    <Project Path="libs/WWCP_OCPP/WWCP_OCPPv1.6_ChargePoint/WWCP_OCPPv1.6_ChargePoint.csproj" />
    <Project Path="libs/WWCP_OCPP/WWCP_OCPPv1.6_LocalController/WWCP_OCPPv1.6_LocalController.csproj" />
    <Project Path="libs/WWCP_OCPP/WWCP_OCPPv1.6_Tests/WWCP_OCPPv1.6_Tests.csproj" />
  </Folder>
  <Folder Name="/Dependencies/OCPP/OCPPv2.1/">
    <Project Path="libs/WWCP_OCPP/WWCP_OCPPv2.1/WWCP_OCPPv2.1.csproj" />
    <Project Path="libs/WWCP_OCPP/WWCP_OCPPv2.1_Adapter/WWCP_OCPPv2.1_Adapter.csproj" />
    <Project Path="libs/WWCP_OCPP/WWCP_OCPPv2.1_BatterySwapStation/WWCP_OCPPv2.1_BatterySwapStation.csproj" />
    <Project Path="libs/WWCP_OCPP/WWCP_OCPPv2.1_ChargingStation/WWCP_OCPPv2.1_ChargingStation.csproj" />
    <Project Path="libs/WWCP_OCPP/WWCP_OCPPv2.1_CommissioningService/WWCP_OCPPv2.1_CommissioningService.csproj" />
    <Project Path="libs/WWCP_OCPP/WWCP_OCPPv2.1_CSMS/WWCP_OCPPv2.1_CSMS.csproj" />
    <Project Path="libs/WWCP_OCPP/WWCP_OCPPv2.1_EnergyMeter/WWCP_OCPPv2.1_EnergyMeter.csproj" />
    <Project Path="libs/WWCP_OCPP/WWCP_OCPPv2.1_Gateway/WWCP_OCPPv2.1_Gateway.csproj" />
    <Project Path="libs/WWCP_OCPP/WWCP_OCPPv2.1_LocalController/WWCP_OCPPv2.1_LocalController.csproj" />
    <Project Path="libs/WWCP_OCPP/WWCP_OCPPv2.1_Tests/WWCP_OCPPv2.1_Tests.csproj" />
  </Folder>
  <Folder Name="/Dependencies/OpenADR/">
    <Project Path="libs/WWCP_OpenADR/WWCP_OpenADR/WWCP_OpenADR.csproj" />
    <Project Path="libs/WWCP_OpenADR/WWCP_OpenADR_Node/WWCP_OpenADR_Node.csproj" />
    <Project Path="libs/WWCP_OpenADR/WWCP_OpenADR_Tests/WWCP_OpenADR_Tests.csproj" />
  </Folder>
  <Folder Name="/Dependencies/OpenChargingCloud/">
    <Project Path="libs/WWCP_Core/WWCP_Core/WWCP_Core.csproj" />
    <Project Path="libs/WWCP_Core/WWCP_CoreData/WWCP_CoreData.csproj" />
    <Project Path="libs/WWCP_Core/WWCP_Core_Tests/WWCP_Core_Tests.csproj" />
    <Project Path="libs/WWCP_Core/WWCP_OverlayNetworking/WWCP_OverlayNetworking.csproj" />
    <Project Path="libs/WWCP_Core/WWCP_OverlayNetworking2/WWCP_OverlayNetworking2.csproj" />
    <Project Path="libs/WWCP_Core/WWCP_OverlayNetworking_Tests/WWCP_OverlayNetworking_Tests.csproj" />
    <Project Path="libs/WWCP_Node/WWCP_Node/WWCP_Node.csproj" />
    <Project Path="libs/WWCP_Node/WWCP_Node_Tests/WWCP_Node_Tests.csproj" />
  </Folder>
  <Folder Name="/Dependencies/Vanaheimr/">
    <Project Path="libs/Hermod/Hermod/Hermod.csproj" />
    <Project Path="libs/Hermod/HermodTests/HermodTests.csproj" />
    <Project Path="libs/MCP/MCP/MCP.csproj" />
    <Project Path="libs/Norn/Norn/Norn.csproj" />
    <Project Path="libs/Norn/NornTests/NornTests.csproj" />
    <Project Path="libs/Styx/Styx/Styx.csproj" />
    <Project Path="libs/Styx/StyxTests/StyxTests.csproj" />
    <Project Path="libs/Urdr/Urdr/Urdr.csproj" />
    <Project Path="libs/Urdr/UrdrTests/UrdrTests.csproj" />
  </Folder>
  <Project Path="CSMSCLI/CSMSCLI.csproj" />
</Solution>
